{
  "name": "ggj-2023",
  "lockfileVersion": 3,
  "requires": true,
  "packages": {
    "": {
      "dependencies": {
        "typescript-parsec": "^0.3.4"
      }
    },
    "node_modules/typescript-parsec": {
      "version": "0.3.4",
      "resolved": "https://registry.npmjs.org/typescript-parsec/-/typescript-parsec-0.3.4.tgz",
      "integrity": "sha512-6RD4xOxp26BTZLopNbqT2iErqNhQZZWb5m5F07/UwGhldGvOAKOl41pZ3fxsFp04bNL+PbgMjNfb6IvJAC/uYQ=="
    }
  }
}
